
Microsoft Visual Studio Solution File, Format Version 12.00
# Visual Studio Version 16
VisualStudioVersion = 16.0.30621.155
MinimumVisualStudioVersion = 10.0.40219.1
Project("{FAE04EC0-301F-11D3-BF4B-00C04F79EFBC}") = "VNPT_DC", "VNPT_DC\VNPT_DC.csproj", "{FEABFAFF-4D62-4895-9E0B-1810FEFA5FFD}"
EndProject
Global
	GlobalSection(SolutionConfigurationPlatforms) = preSolution
		Debug|Any CPU = Debug|Any CPU
		Release|Any CPU = Release|Any CPU
	EndGlobalSection
	GlobalSection(ProjectConfigurationPlatforms) = postSolution
		{FEABFAFF-4D62-4895-9E0B-1810FEFA5FFD}.Debug|Any CPU.ActiveCfg = Debug|Any CPU
		{FEABFAFF-4D62-4895-9E0B-1810FEFA5FFD}.Debug|Any CPU.Build.0 = Debug|Any CPU
		{FEABFAFF-4D62-4895-9E0B-1810FEFA5FFD}.Release|Any CPU.ActiveCfg = Release|Any CPU
		{FEABFAFF-4D62-4895-9E0B-1810FEFA5FFD}.Release|Any CPU.Build.0 = Release|Any CPU
	EndGlobalSection
	GlobalSection(SolutionProperties) = preSolution
		HideSolutionNode = FALSE
	EndGlobalSection
	GlobalSection(ExtensibilityGlobals) = postSolution
		SolutionGuid = {53170DAB-15A6-4A5E-A3FA-A96209467F51}
	EndGlobalSection
EndGlobal
